// !$*UTF8*$!
{
	archiveVersion = 1;
	classes = {
	};
	objectVersion = 56;
	objects = {

/* Begin PBXBuildFile section */
		211D264D29F14FFE0003F8F5 /* StereoMuzarApp.swift in Sources */ = {isa = PBXBuildFile; fileRef = 211D264C29F14FFE0003F8F5 /* StereoMuzarApp.swift */; };
		211D264F29F14FFE0003F8F5 /* ContentView.swift in Sources */ = {isa = PBXBuildFile; fileRef = 211D264E29F14FFE0003F8F5 /* ContentView.swift */; };
		211D265129F14FFF0003F8F5 /* Assets.xcassets in Resources */ = {isa = PBXBuildFile; fileRef = 211D265029F14FFF0003F8F5 /* Assets.xcassets */; };
		211D265429F14FFF0003F8F5 /* Preview Assets.xcassets in Resources */ = {isa = PBXBuildFile; fileRef = 211D265329F14FFF0003F8F5 /* Preview Assets.xcassets */; };
		211D265C29F152910003F8F5 /* PlayerScreen.swift in Sources */ = {isa = PBXBuildFile; fileRef = 211D265B29F152910003F8F5 /* PlayerScreen.swift */; };
		211D265E29F152C40003F8F5 /* CategoriesScreen.swift in Sources */ = {isa = PBXBuildFile; fileRef = 211D265D29F152C40003F8F5 /* CategoriesScreen.swift */; };
		211D266029F152E10003F8F5 /* SettingsScreen.swift in Sources */ = {isa = PBXBuildFile; fileRef = 211D265F29F152E10003F8F5 /* SettingsScreen.swift */; };
		21CB17BC2A0D90BC00F6C155 /* Ashley Price - Ice Cream.mp3 in Resources */ = {isa = PBXBuildFile; fileRef = 21CB17BB2A0D90BC00F6C155 /* Ashley Price - Ice Cream.mp3 */; };
		21E81BE82A0D41F900DF0C3D /* AudioKit in Frameworks */ = {isa = PBXBuildFile; productRef = 21E81BE72A0D41F900DF0C3D /* AudioKit */; };
		21EDE51E2A0E8F0500824552 /* Beets - Post Malone.mp3 in Resources */ = {isa = PBXBuildFile; fileRef = 21EDE51A2A0E8F0500824552 /* Beets - Post Malone.mp3 */; };
		21EDE51F2A0E8F0500824552 /* Cooking Jazz Music Academy - Find Your Way.mp3 in Resources */ = {isa = PBXBuildFile; fileRef = 21EDE51B2A0E8F0500824552 /* Cooking Jazz Music Academy - Find Your Way.mp3 */; };
		21EDE5202A0E8F0500824552 /* Calvin Sparks - OK Not To Be OK.mp3 in Resources */ = {isa = PBXBuildFile; fileRef = 21EDE51C2A0E8F0500824552 /* Calvin Sparks - OK Not To Be OK.mp3 */; };
		21EDE5212A0E8F0500824552 /* Chipinkos - Over the Ground.mp3 in Resources */ = {isa = PBXBuildFile; fileRef = 21EDE51D2A0E8F0500824552 /* Chipinkos - Over the Ground.mp3 */; };
		21EDE52F2A0EDA8400824552 /* Cooking Jazz Music Academy - Melancholy Dixie Jazz.mp3 in Resources */ = {isa = PBXBuildFile; fileRef = 21EDE5222A0EDA8400824552 /* Cooking Jazz Music Academy - Melancholy Dixie Jazz.mp3 */; };
		21EDE5302A0EDA8400824552 /* Thomas Vee - Blueberry Eyes.mp3 in Resources */ = {isa = PBXBuildFile; fileRef = 21EDE5232A0EDA8400824552 /* Thomas Vee - Blueberry Eyes.mp3 */; };
		21EDE5312A0EDA8400824552 /* Jenny Jewel - Blow Your Mind.mp3 in Resources */ = {isa = PBXBuildFile; fileRef = 21EDE5242A0EDA8400824552 /* Jenny Jewel - Blow Your Mind.mp3 */; };
		21EDE5322A0EDA8400824552 /* Train to Mars - Dreams.mp3 in Resources */ = {isa = PBXBuildFile; fileRef = 21EDE5252A0EDA8400824552 /* Train to Mars - Dreams.mp3 */; };
		21EDE5332A0EDA8400824552 /* Thomas Vee - Golden.mp3 in Resources */ = {isa = PBXBuildFile; fileRef = 21EDE5262A0EDA8400824552 /* Thomas Vee - Golden.mp3 */; };
		21EDE5342A0EDA8400824552 /* DJ Yoda - Croxley Green.mp3 in Resources */ = {isa = PBXBuildFile; fileRef = 21EDE5272A0EDA8400824552 /* DJ Yoda - Croxley Green.mp3 */; };
		21EDE5352A0EDA8400824552 /* Drake - Nonstop.mp3 in Resources */ = {isa = PBXBuildFile; fileRef = 21EDE5282A0EDA8400824552 /* Drake - Nonstop.mp3 */; };
		21EDE5362A0EDA8400824552 /* Don Blaine - Take You Dancing.mp3 in Resources */ = {isa = PBXBuildFile; fileRef = 21EDE5292A0EDA8400824552 /* Don Blaine - Take You Dancing.mp3 */; };
		21EDE5372A0EDA8400824552 /* Drake - Hotline Bling.mp3 in Resources */ = {isa = PBXBuildFile; fileRef = 21EDE52A2A0EDA8400824552 /* Drake - Hotline Bling.mp3 */; };
		21EDE5382A0EDA8400824552 /* DJ Yoda feat. Nubya Garcia, Henry Wu, Theon Cross - Abbey Road.mp3 in Resources */ = {isa = PBXBuildFile; fileRef = 21EDE52B2A0EDA8400824552 /* DJ Yoda feat. Nubya Garcia, Henry Wu, Theon Cross - Abbey Road.mp3 */; };
		21EDE5392A0EDA8400824552 /* MAYOT feat. FEDUK - Море.mp3 in Resources */ = {isa = PBXBuildFile; fileRef = 21EDE52C2A0EDA8400824552 /* MAYOT feat. FEDUK - Море.mp3 */; };
		21EDE53A2A0EDA8400824552 /* DJ Yoda - Gospel Oak.mp3 in Resources */ = {isa = PBXBuildFile; fileRef = 21EDE52D2A0EDA8400824552 /* DJ Yoda - Gospel Oak.mp3 */; };
		21EDE53B2A0EDA8400824552 /* DJ Yoda feat. Scarface Manolo - Soweto.mp3 in Resources */ = {isa = PBXBuildFile; fileRef = 21EDE52E2A0EDA8400824552 /* DJ Yoda feat. Scarface Manolo - Soweto.mp3 */; };
		21EDE5472A0EE2FE00824552 /* Remix Sport Workout - Starving.mp3 in Resources */ = {isa = PBXBuildFile; fileRef = 21EDE53E2A0EE2FD00824552 /* Remix Sport Workout - Starving.mp3 */; };
		21EDE5482A0EE2FE00824552 /* Takeoff, Rich The Kid - Crypto.mp3 in Resources */ = {isa = PBXBuildFile; fileRef = 21EDE53F2A0EE2FD00824552 /* Takeoff, Rich The Kid - Crypto.mp3 */; };
		21EDE5492A0EE2FE00824552 /* Remix Sport Workout - Too Good at Goodbyes.mp3 in Resources */ = {isa = PBXBuildFile; fileRef = 21EDE5402A0EE2FD00824552 /* Remix Sport Workout - Too Good at Goodbyes.mp3 */; };
		21EDE54A2A0EE2FE00824552 /* Remix Sport Workout - Dusk Till Dawn.mp3 in Resources */ = {isa = PBXBuildFile; fileRef = 21EDE5412A0EE2FD00824552 /* Remix Sport Workout - Dusk Till Dawn.mp3 */; };
		21EDE54B2A0EE2FE00824552 /* Remix Sport Workout - Attention.mp3 in Resources */ = {isa = PBXBuildFile; fileRef = 21EDE5422A0EE2FD00824552 /* Remix Sport Workout - Attention.mp3 */; };
		21EDE54C2A0EE2FE00824552 /* LUCKI, Future - KAPITOL DENIM.mp3 in Resources */ = {isa = PBXBuildFile; fileRef = 21EDE5432A0EE2FD00824552 /* LUCKI, Future - KAPITOL DENIM.mp3 */; };
		21EDE54D2A0EE2FE00824552 /* Remix Sport Workout - Friend.mp3 in Resources */ = {isa = PBXBuildFile; fileRef = 21EDE5442A0EE2FD00824552 /* Remix Sport Workout - Friend.mp3 */; };
		21EDE54E2A0EE2FE00824552 /* Remix Sport Workout - Treat You Better.mp3 in Resources */ = {isa = PBXBuildFile; fileRef = 21EDE5452A0EE2FE00824552 /* Remix Sport Workout - Treat You Better.mp3 */; };
		21EDE54F2A0EE2FE00824552 /* Remix Sport Workout - All Stars.mp3 in Resources */ = {isa = PBXBuildFile; fileRef = 21EDE5462A0EE2FE00824552 /* Remix Sport Workout - All Stars.mp3 */; };
		21EDE55E2A0EE43900824552 /* For Sleep - Rain for Sleeping (Part 01).mp3 in Resources */ = {isa = PBXBuildFile; fileRef = 21EDE5512A0EE43900824552 /* For Sleep - Rain for Sleeping (Part 01).mp3 */; };
		21EDE55F2A0EE43900824552 /* Bernward Koch - A Gift Remembered.mp3 in Resources */ = {isa = PBXBuildFile; fileRef = 21EDE5522A0EE43900824552 /* Bernward Koch - A Gift Remembered.mp3 */; };
		21EDE5602A0EE43900824552 /* Brad Paisley - Gold All Over the Ground.mp3 in Resources */ = {isa = PBXBuildFile; fileRef = 21EDE5532A0EE43900824552 /* Brad Paisley - Gold All Over the Ground.mp3 */; };
		21EDE5612A0EE43900824552 /* KA$HDAMI feat. ssgkobe - Wake Up.mp3 in Resources */ = {isa = PBXBuildFile; fileRef = 21EDE5542A0EE43900824552 /* KA$HDAMI feat. ssgkobe - Wake Up.mp3 */; };
		21EDE5622A0EE43900824552 /* David Lanz - Before The Last Leaf Falls.mp3 in Resources */ = {isa = PBXBuildFile; fileRef = 21EDE5552A0EE43900824552 /* David Lanz - Before The Last Leaf Falls.mp3 */; };
		21EDE5632A0EE43900824552 /* Denis Stelmakh - Don't Go.mp3 in Resources */ = {isa = PBXBuildFile; fileRef = 21EDE5562A0EE43900824552 /* Denis Stelmakh - Don't Go.mp3 */; };
		21EDE5642A0EE43900824552 /* George Skaroulis - Elektra.mp3 in Resources */ = {isa = PBXBuildFile; fileRef = 21EDE5572A0EE43900824552 /* George Skaroulis - Elektra.mp3 */; };
		21EDE5662A0EE43900824552 /* Brian Crain - At the Ivy Gate.mp3 in Resources */ = {isa = PBXBuildFile; fileRef = 21EDE5592A0EE43900824552 /* Brian Crain - At the Ivy Gate.mp3 */; };
		21EDE5672A0EE43900824552 /* Arctic Lake - (Moments).mp3 in Resources */ = {isa = PBXBuildFile; fileRef = 21EDE55A2A0EE43900824552 /* Arctic Lake - (Moments).mp3 */; };
		21EDE5682A0EE43900824552 /* April Rain - Dontclosethedoorandletmein.mp3 in Resources */ = {isa = PBXBuildFile; fileRef = 21EDE55B2A0EE43900824552 /* April Rain - Dontclosethedoorandletmein.mp3 */; };
		21EDE5692A0EE43900824552 /* Nature Sounds for Sleep - Asleep in the Deep.mp3 in Resources */ = {isa = PBXBuildFile; fileRef = 21EDE55C2A0EE43900824552 /* Nature Sounds for Sleep - Asleep in the Deep.mp3 */; };
		21EDE56E2A0EE5FE00824552 /* Nature Sounds - Meditation Music.mp3 in Resources */ = {isa = PBXBuildFile; fileRef = 21EDE56C2A0EE5FE00824552 /* Nature Sounds - Meditation Music.mp3 */; };
		21EDE56F2A0EE5FE00824552 /* Yoga Relax Academy - Meditation.mp3 in Resources */ = {isa = PBXBuildFile; fileRef = 21EDE56D2A0EE5FE00824552 /* Yoga Relax Academy - Meditation.mp3 */; };
		21EDE57D2A0EE6E000824552 /* Chase & Status feat. Moko - Count On Me.mp3 in Resources */ = {isa = PBXBuildFile; fileRef = 21EDE5712A0EE6DF00824552 /* Chase & Status feat. Moko - Count On Me.mp3 */; };
		21EDE57E2A0EE6E000824552 /* D-Block & S-te-Fan, D-Sturb - Feel It!.mp3 in Resources */ = {isa = PBXBuildFile; fileRef = 21EDE5722A0EE6E000824552 /* D-Block & S-te-Fan, D-Sturb - Feel It!.mp3 */; };
		21EDE57F2A0EE6E000824552 /* Running Songs Workout Music Club - Running.mp3 in Resources */ = {isa = PBXBuildFile; fileRef = 21EDE5732A0EE6E000824552 /* Running Songs Workout Music Club - Running.mp3 */; };
		21EDE5802A0EE6E000824552 /* D-Block & S-Te-Fan - Primal Energy.mp3 in Resources */ = {isa = PBXBuildFile; fileRef = 21EDE5742A0EE6E000824552 /* D-Block & S-Te-Fan - Primal Energy.mp3 */; };
		21EDE5812A0EE6E000824552 /* D-Block & S-te-Fan, Villain - We Don't Stop (Lights Out).mp3 in Resources */ = {isa = PBXBuildFile; fileRef = 21EDE5752A0EE6E000824552 /* D-Block & S-te-Fan, Villain - We Don't Stop (Lights Out).mp3 */; };
		21EDE5822A0EE6E000824552 /* Hippie Sabotage - Running Miles.mp3 in Resources */ = {isa = PBXBuildFile; fileRef = 21EDE5762A0EE6E000824552 /* Hippie Sabotage - Running Miles.mp3 */; };
		21EDE5832A0EE6E000824552 /* MichaelBM - This.mp3 in Resources */ = {isa = PBXBuildFile; fileRef = 21EDE5772A0EE6E000824552 /* MichaelBM - This.mp3 */; };
		21EDE5842A0EE6E000824552 /* will.i.am feat. Britney Spears - Scream & Shout.mp3 in Resources */ = {isa = PBXBuildFile; fileRef = 21EDE5782A0EE6E000824552 /* will.i.am feat. Britney Spears - Scream & Shout.mp3 */; };
		21EDE5852A0EE6E000824552 /* Remzcore & Hyrule War - Never Die.mp3 in Resources */ = {isa = PBXBuildFile; fileRef = 21EDE5792A0EE6E000824552 /* Remzcore & Hyrule War - Never Die.mp3 */; };
		21EDE5862A0EE6E000824552 /* 21 Savage, Metro Boomin - Runnin.mp3 in Resources */ = {isa = PBXBuildFile; fileRef = 21EDE57A2A0EE6E000824552 /* 21 Savage, Metro Boomin - Runnin.mp3 */; };
		21EDE5872A0EE6E000824552 /* Lil gram X - Phonk for Running.mp3 in Resources */ = {isa = PBXBuildFile; fileRef = 21EDE57B2A0EE6E000824552 /* Lil gram X - Phonk for Running.mp3 */; };
		21EDE5882A0EE6E000824552 /* Chase & Status feat. Novelist - NRG.mp3 in Resources */ = {isa = PBXBuildFile; fileRef = 21EDE57C2A0EE6E000824552 /* Chase & Status feat. Novelist - NRG.mp3 */; };
		21EDE5962A0EE87100824552 /* Pop Smoke - She Got A Thing.mp3 in Resources */ = {isa = PBXBuildFile; fileRef = 21EDE58A2A0EE87100824552 /* Pop Smoke - She Got A Thing.mp3 */; };
		21EDE5972A0EE87100824552 /* Thomas Rivera - If I Can't Have You.mp3 in Resources */ = {isa = PBXBuildFile; fileRef = 21EDE58B2A0EE87100824552 /* Thomas Rivera - If I Can't Have You.mp3 */; };
		21EDE5982A0EE87100824552 /* Thomas Rivera - Pretty Girl.mp3 in Resources */ = {isa = PBXBuildFile; fileRef = 21EDE58C2A0EE87100824552 /* Thomas Rivera - Pretty Girl.mp3 */; };
		21EDE5992A0EE87100824552 /* Will Shepard - Rise.mp3 in Resources */ = {isa = PBXBuildFile; fileRef = 21EDE58D2A0EE87100824552 /* Will Shepard - Rise.mp3 */; };
		21EDE59A2A0EE87100824552 /* Gym Class Heroes - Stereo Hearts (feat. Adam Levine).mp3 in Resources */ = {isa = PBXBuildFile; fileRef = 21EDE58E2A0EE87100824552 /* Gym Class Heroes - Stereo Hearts (feat. Adam Levine).mp3 */; };
		21EDE59B2A0EE87100824552 /* MonoMakers, New Bass, Lowzer - Like This.mp3 in Resources */ = {isa = PBXBuildFile; fileRef = 21EDE58F2A0EE87100824552 /* MonoMakers, New Bass, Lowzer - Like This.mp3 */; };
		21EDE59C2A0EE87100824552 /* Gym Class Heroes - Cupid's Chokehold Breakfast in America.mp3 in Resources */ = {isa = PBXBuildFile; fileRef = 21EDE5902A0EE87100824552 /* Gym Class Heroes - Cupid's Chokehold Breakfast in America.mp3 */; };
		21EDE59D2A0EE87100824552 /* Jenny Jewel feat. Lil Crazy Style - Do it again.mp3 in Resources */ = {isa = PBXBuildFile; fileRef = 21EDE5912A0EE87100824552 /* Jenny Jewel feat. Lil Crazy Style - Do it again.mp3 */; };
		21EDE59E2A0EE87100824552 /* Dance Time Trio - Toosie Slide.mp3 in Resources */ = {isa = PBXBuildFile; fileRef = 21EDE5922A0EE87100824552 /* Dance Time Trio - Toosie Slide.mp3 */; };
		21EDE59F2A0EE87100824552 /* Pop Smoke - Brother Man.mp3 in Resources */ = {isa = PBXBuildFile; fileRef = 21EDE5932A0EE87100824552 /* Pop Smoke - Brother Man.mp3 */; };
		21EDE5A02A0EE87100824552 /* Heartbits - Roses.mp3 in Resources */ = {isa = PBXBuildFile; fileRef = 21EDE5942A0EE87100824552 /* Heartbits - Roses.mp3 */; };
		21EDE5A12A0EE87100824552 /* Ray-X - Closer.mp3 in Resources */ = {isa = PBXBuildFile; fileRef = 21EDE5952A0EE87100824552 /* Ray-X - Closer.mp3 */; };
		21EDE5AF2A0EE98C00824552 /* DanceArt - Bad Romance.mp3 in Resources */ = {isa = PBXBuildFile; fileRef = 21EDE5A32A0EE98C00824552 /* DanceArt - Bad Romance.mp3 */; };
		21EDE5B02A0EE98C00824552 /* Princess Beat - Tik Tok.mp3 in Resources */ = {isa = PBXBuildFile; fileRef = 21EDE5A42A0EE98C00824552 /* Princess Beat - Tik Tok.mp3 */; };
		21EDE5B12A0EE98C00824552 /* Princess Beat - Your Love Is My Drug.mp3 in Resources */ = {isa = PBXBuildFile; fileRef = 21EDE5A52A0EE98C00824552 /* Princess Beat - Your Love Is My Drug.mp3 */; };
		21EDE5B22A0EE98C00824552 /* DanceArt - Telephone.mp3 in Resources */ = {isa = PBXBuildFile; fileRef = 21EDE5A62A0EE98C00824552 /* DanceArt - Telephone.mp3 */; };
		21EDE5B32A0EE98C00824552 /* Countdown Singers - Just the Way You Are.mp3 in Resources */ = {isa = PBXBuildFile; fileRef = 21EDE5A72A0EE98C00824552 /* Countdown Singers - Just the Way You Are.mp3 */; };
		21EDE5B42A0EE98C00824552 /* Record Party - Record Club #223 (07-05-2023) 4.mp3 in Resources */ = {isa = PBXBuildFile; fileRef = 21EDE5A82A0EE98C00824552 /* Record Party - Record Club #223 (07-05-2023) 4.mp3 */; };
		21EDE5B52A0EE98C00824552 /* Lil Tecca feat. iann dior - SEASIDE.mp3 in Resources */ = {isa = PBXBuildFile; fileRef = 21EDE5A92A0EE98C00824552 /* Lil Tecca feat. iann dior - SEASIDE.mp3 */; };
		21EDE5B62A0EE98C00824552 /* Sassydee - California Gurls.mp3 in Resources */ = {isa = PBXBuildFile; fileRef = 21EDE5AA2A0EE98C00824552 /* Sassydee - California Gurls.mp3 */; };
		21EDE5B72A0EE98C00824552 /* Fresh Beat MCs - Imma Be.mp3 in Resources */ = {isa = PBXBuildFile; fileRef = 21EDE5AB2A0EE98C00824552 /* Fresh Beat MCs - Imma Be.mp3 */; };
		21EDE5B82A0EE98C00824552 /* Miami Beatz - Dynamite.mp3 in Resources */ = {isa = PBXBuildFile; fileRef = 21EDE5AC2A0EE98C00824552 /* Miami Beatz - Dynamite.mp3 */; };
		21EDE5B92A0EE98C00824552 /* Miami Beatz - Club Can't Handle Me.mp3 in Resources */ = {isa = PBXBuildFile; fileRef = 21EDE5AD2A0EE98C00824552 /* Miami Beatz - Club Can't Handle Me.mp3 */; };
		21EDE5BA2A0EE98C00824552 /* NLE Choppa feat. Latto - Make Em Say (feat. Latto).mp3 in Resources */ = {isa = PBXBuildFile; fileRef = 21EDE5AE2A0EE98C00824552 /* NLE Choppa feat. Latto - Make Em Say (feat. Latto).mp3 */; };
		D46F24542A0EA2D7003EED64 /* AudioService.swift in Sources */ = {isa = PBXBuildFile; fileRef = D46F24532A0EA2D7003EED64 /* AudioService.swift */; };
		D46F245A2A0EB53D003EED64 /* Category.swift in Sources */ = {isa = PBXBuildFile; fileRef = D46F24592A0EB53D003EED64 /* Category.swift */; };
		D46F245C2A0EB55E003EED64 /* Song.swift in Sources */ = {isa = PBXBuildFile; fileRef = D46F245B2A0EB55E003EED64 /* Song.swift */; };
		D46F245E2A0EBE55003EED64 /* UserDefaultsService.swift in Sources */ = {isa = PBXBuildFile; fileRef = D46F245D2A0EBE55003EED64 /* UserDefaultsService.swift */; };
/* End PBXBuildFile section */

/* Begin PBXFileReference section */
		211D264929F14FFE0003F8F5 /* StereoMuzar.app */ = {isa = PBXFileReference; explicitFileType = wrapper.application; includeInIndex = 0; path = StereoMuzar.app; sourceTree = BUILT_PRODUCTS_DIR; };
		211D264C29F14FFE0003F8F5 /* StereoMuzarApp.swift */ = {isa = PBXFileReference; lastKnownFileType = sourcecode.swift; path = StereoMuzarApp.swift; sourceTree = "<group>"; };
		211D264E29F14FFE0003F8F5 /* ContentView.swift */ = {isa = PBXFileReference; lastKnownFileType = sourcecode.swift; path = ContentView.swift; sourceTree = "<group>"; };
		211D265029F14FFF0003F8F5 /* Assets.xcassets */ = {isa = PBXFileReference; lastKnownFileType = folder.assetcatalog; path = Assets.xcassets; sourceTree = "<group>"; };
		211D265329F14FFF0003F8F5 /* Preview Assets.xcassets */ = {isa = PBXFileReference; lastKnownFileType = folder.assetcatalog; path = "Preview Assets.xcassets"; sourceTree = "<group>"; };
		211D265B29F152910003F8F5 /* PlayerScreen.swift */ = {isa = PBXFileReference; lastKnownFileType = sourcecode.swift; path = PlayerScreen.swift; sourceTree = "<group>"; };
		211D265D29F152C40003F8F5 /* CategoriesScreen.swift */ = {isa = PBXFileReference; lastKnownFileType = sourcecode.swift; path = CategoriesScreen.swift; sourceTree = "<group>"; };
		211D265F29F152E10003F8F5 /* SettingsScreen.swift */ = {isa = PBXFileReference; lastKnownFileType = sourcecode.swift; path = SettingsScreen.swift; sourceTree = "<group>"; };
		21CB17BB2A0D90BC00F6C155 /* Ashley Price - Ice Cream.mp3 */ = {isa = PBXFileReference; lastKnownFileType = audio.mp3; path = "Ashley Price - Ice Cream.mp3"; sourceTree = "<group>"; };
		21EDE51A2A0E8F0500824552 /* Beets - Post Malone.mp3 */ = {isa = PBXFileReference; lastKnownFileType = audio.mp3; path = "Beets - Post Malone.mp3"; sourceTree = "<group>"; };
		21EDE51B2A0E8F0500824552 /* Cooking Jazz Music Academy - Find Your Way.mp3 */ = {isa = PBXFileReference; lastKnownFileType = audio.mp3; path = "Cooking Jazz Music Academy - Find Your Way.mp3"; sourceTree = "<group>"; };
		21EDE51C2A0E8F0500824552 /* Calvin Sparks - OK Not To Be OK.mp3 */ = {isa = PBXFileReference; lastKnownFileType = audio.mp3; path = "Calvin Sparks - OK Not To Be OK.mp3"; sourceTree = "<group>"; };
		21EDE51D2A0E8F0500824552 /* Chipinkos - Over the Ground.mp3 */ = {isa = PBXFileReference; lastKnownFileType = audio.mp3; path = "Chipinkos - Over the Ground.mp3"; sourceTree = "<group>"; };
		21EDE5222A0EDA8400824552 /* Cooking Jazz Music Academy - Melancholy Dixie Jazz.mp3 */ = {isa = PBXFileReference; lastKnownFileType = audio.mp3; path = "Cooking Jazz Music Academy - Melancholy Dixie Jazz.mp3"; sourceTree = "<group>"; };
		21EDE5232A0EDA8400824552 /* Thomas Vee - Blueberry Eyes.mp3 */ = {isa = PBXFileReference; lastKnownFileType = audio.mp3; path = "Thomas Vee - Blueberry Eyes.mp3"; sourceTree = "<group>"; };
		21EDE5242A0EDA8400824552 /* Jenny Jewel - Blow Your Mind.mp3 */ = {isa = PBXFileReference; lastKnownFileType = audio.mp3; path = "Jenny Jewel - Blow Your Mind.mp3"; sourceTree = "<group>"; };
		21EDE5252A0EDA8400824552 /* Train to Mars - Dreams.mp3 */ = {isa = PBXFileReference; lastKnownFileType = audio.mp3; path = "Train to Mars - Dreams.mp3"; sourceTree = "<group>"; };
		21EDE5262A0EDA8400824552 /* Thomas Vee - Golden.mp3 */ = {isa = PBXFileReference; lastKnownFileType = audio.mp3; path = "Thomas Vee - Golden.mp3"; sourceTree = "<group>"; };
		21EDE5272A0EDA8400824552 /* DJ Yoda - Croxley Green.mp3 */ = {isa = PBXFileReference; lastKnownFileType = audio.mp3; path = "DJ Yoda - Croxley Green.mp3"; sourceTree = "<group>"; };
		21EDE5282A0EDA8400824552 /* Drake - Nonstop.mp3 */ = {isa = PBXFileReference; lastKnownFileType = audio.mp3; path = "Drake - Nonstop.mp3"; sourceTree = "<group>"; };
		21EDE5292A0EDA8400824552 /* Don Blaine - Take You Dancing.mp3 */ = {isa = PBXFileReference; lastKnownFileType = audio.mp3; path = "Don Blaine - Take You Dancing.mp3"; sourceTree = "<group>"; };
		21EDE52A2A0EDA8400824552 /* Drake - Hotline Bling.mp3 */ = {isa = PBXFileReference; lastKnownFileType = audio.mp3; path = "Drake - Hotline Bling.mp3"; sourceTree = "<group>"; };
		21EDE52B2A0EDA8400824552 /* DJ Yoda feat. Nubya Garcia, Henry Wu, Theon Cross - Abbey Road.mp3 */ = {isa = PBXFileReference; lastKnownFileType = audio.mp3; path = "DJ Yoda feat. Nubya Garcia, Henry Wu, Theon Cross - Abbey Road.mp3"; sourceTree = "<group>"; };
		21EDE52C2A0EDA8400824552 /* MAYOT feat. FEDUK - Море.mp3 */ = {isa = PBXFileReference; lastKnownFileType = audio.mp3; path = "MAYOT feat. FEDUK - Море.mp3"; sourceTree = "<group>"; };
		21EDE52D2A0EDA8400824552 /* DJ Yoda - Gospel Oak.mp3 */ = {isa = PBXFileReference; lastKnownFileType = audio.mp3; path = "DJ Yoda - Gospel Oak.mp3"; sourceTree = "<group>"; };
		21EDE52E2A0EDA8400824552 /* DJ Yoda feat. Scarface Manolo - Soweto.mp3 */ = {isa = PBXFileReference; lastKnownFileType = audio.mp3; path = "DJ Yoda feat. Scarface Manolo - Soweto.mp3"; sourceTree = "<group>"; };
		21EDE53E2A0EE2FD00824552 /* Remix Sport Workout - Starving.mp3 */ = {isa = PBXFileReference; lastKnownFileType = audio.mp3; path = "Remix Sport Workout - Starving.mp3"; sourceTree = "<group>"; };
		21EDE53F2A0EE2FD00824552 /* Takeoff, Rich The Kid - Crypto.mp3 */ = {isa = PBXFileReference; lastKnownFileType = audio.mp3; path = "Takeoff, Rich The Kid - Crypto.mp3"; sourceTree = "<group>"; };
		21EDE5402A0EE2FD00824552 /* Remix Sport Workout - Too Good at Goodbyes.mp3 */ = {isa = PBXFileReference; lastKnownFileType = audio.mp3; path = "Remix Sport Workout - Too Good at Goodbyes.mp3"; sourceTree = "<group>"; };
		21EDE5412A0EE2FD00824552 /* Remix Sport Workout - Dusk Till Dawn.mp3 */ = {isa = PBXFileReference; lastKnownFileType = audio.mp3; path = "Remix Sport Workout - Dusk Till Dawn.mp3"; sourceTree = "<group>"; };
		21EDE5422A0EE2FD00824552 /* Remix Sport Workout - Attention.mp3 */ = {isa = PBXFileReference; lastKnownFileType = audio.mp3; path = "Remix Sport Workout - Attention.mp3"; sourceTree = "<group>"; };
		21EDE5432A0EE2FD00824552 /* LUCKI, Future - KAPITOL DENIM.mp3 */ = {isa = PBXFileReference; lastKnownFileType = audio.mp3; path = "LUCKI, Future - KAPITOL DENIM.mp3"; sourceTree = "<group>"; };
		21EDE5442A0EE2FD00824552 /* Remix Sport Workout - Friend.mp3 */ = {isa = PBXFileReference; lastKnownFileType = audio.mp3; path = "Remix Sport Workout - Friend.mp3"; sourceTree = "<group>"; };
		21EDE5452A0EE2FE00824552 /* Remix Sport Workout - Treat You Better.mp3 */ = {isa = PBXFileReference; lastKnownFileType = audio.mp3; path = "Remix Sport Workout - Treat You Better.mp3"; sourceTree = "<group>"; };
		21EDE5462A0EE2FE00824552 /* Remix Sport Workout - All Stars.mp3 */ = {isa = PBXFileReference; lastKnownFileType = audio.mp3; path = "Remix Sport Workout - All Stars.mp3"; sourceTree = "<group>"; };
		21EDE5512A0EE43900824552 /* For Sleep - Rain for Sleeping (Part 01).mp3 */ = {isa = PBXFileReference; lastKnownFileType = audio.mp3; path = "For Sleep - Rain for Sleeping (Part 01).mp3"; sourceTree = "<group>"; };
		21EDE5522A0EE43900824552 /* Bernward Koch - A Gift Remembered.mp3 */ = {isa = PBXFileReference; lastKnownFileType = audio.mp3; path = "Bernward Koch - A Gift Remembered.mp3"; sourceTree = "<group>"; };
		21EDE5532A0EE43900824552 /* Brad Paisley - Gold All Over the Ground.mp3 */ = {isa = PBXFileReference; lastKnownFileType = audio.mp3; path = "Brad Paisley - Gold All Over the Ground.mp3"; sourceTree = "<group>"; };
		21EDE5542A0EE43900824552 /* KA$HDAMI feat. ssgkobe - Wake Up.mp3 */ = {isa = PBXFileReference; lastKnownFileType = audio.mp3; path = "KA$HDAMI feat. ssgkobe - Wake Up.mp3"; sourceTree = "<group>"; };
		21EDE5552A0EE43900824552 /* David Lanz - Before The Last Leaf Falls.mp3 */ = {isa = PBXFileReference; lastKnownFileType = audio.mp3; path = "David Lanz - Before The Last Leaf Falls.mp3"; sourceTree = "<group>"; };
		21EDE5562A0EE43900824552 /* Denis Stelmakh - Don't Go.mp3 */ = {isa = PBXFileReference; lastKnownFileType = audio.mp3; path = "Denis Stelmakh - Don't Go.mp3"; sourceTree = "<group>"; };
		21EDE5572A0EE43900824552 /* George Skaroulis - Elektra.mp3 */ = {isa = PBXFileReference; lastKnownFileType = audio.mp3; path = "George Skaroulis - Elektra.mp3"; sourceTree = "<group>"; };
		21EDE5592A0EE43900824552 /* Brian Crain - At the Ivy Gate.mp3 */ = {isa = PBXFileReference; lastKnownFileType = audio.mp3; path = "Brian Crain - At the Ivy Gate.mp3"; sourceTree = "<group>"; };
		21EDE55A2A0EE43900824552 /* Arctic Lake - (Moments).mp3 */ = {isa = PBXFileReference; lastKnownFileType = audio.mp3; path = "Arctic Lake - (Moments).mp3"; sourceTree = "<group>"; };
		21EDE55B2A0EE43900824552 /* April Rain - Dontclosethedoorandletmein.mp3 */ = {isa = PBXFileReference; lastKnownFileType = audio.mp3; path = "April Rain - Dontclosethedoorandletmein.mp3"; sourceTree = "<group>"; };
		21EDE55C2A0EE43900824552 /* Nature Sounds for Sleep - Asleep in the Deep.mp3 */ = {isa = PBXFileReference; lastKnownFileType = audio.mp3; path = "Nature Sounds for Sleep - Asleep in the Deep.mp3"; sourceTree = "<group>"; };
		21EDE56C2A0EE5FE00824552 /* Nature Sounds - Meditation Music.mp3 */ = {isa = PBXFileReference; lastKnownFileType = audio.mp3; path = "Nature Sounds - Meditation Music.mp3"; sourceTree = "<group>"; };
		21EDE56D2A0EE5FE00824552 /* Yoga Relax Academy - Meditation.mp3 */ = {isa = PBXFileReference; lastKnownFileType = audio.mp3; path = "Yoga Relax Academy - Meditation.mp3"; sourceTree = "<group>"; };
		21EDE5712A0EE6DF00824552 /* Chase & Status feat. Moko - Count On Me.mp3 */ = {isa = PBXFileReference; lastKnownFileType = audio.mp3; path = "Chase & Status feat. Moko - Count On Me.mp3"; sourceTree = "<group>"; };
		21EDE5722A0EE6E000824552 /* D-Block & S-te-Fan, D-Sturb - Feel It!.mp3 */ = {isa = PBXFileReference; lastKnownFileType = audio.mp3; path = "D-Block & S-te-Fan, D-Sturb - Feel It!.mp3"; sourceTree = "<group>"; };
		21EDE5732A0EE6E000824552 /* Running Songs Workout Music Club - Running.mp3 */ = {isa = PBXFileReference; lastKnownFileType = audio.mp3; path = "Running Songs Workout Music Club - Running.mp3"; sourceTree = "<group>"; };
		21EDE5742A0EE6E000824552 /* D-Block & S-Te-Fan - Primal Energy.mp3 */ = {isa = PBXFileReference; lastKnownFileType = audio.mp3; path = "D-Block & S-Te-Fan - Primal Energy.mp3"; sourceTree = "<group>"; };
		21EDE5752A0EE6E000824552 /* D-Block & S-te-Fan, Villain - We Don't Stop (Lights Out).mp3 */ = {isa = PBXFileReference; lastKnownFileType = audio.mp3; path = "D-Block & S-te-Fan, Villain - We Don't Stop (Lights Out).mp3"; sourceTree = "<group>"; };
		21EDE5762A0EE6E000824552 /* Hippie Sabotage - Running Miles.mp3 */ = {isa = PBXFileReference; lastKnownFileType = audio.mp3; path = "Hippie Sabotage - Running Miles.mp3"; sourceTree = "<group>"; };
		21EDE5772A0EE6E000824552 /* MichaelBM - This.mp3 */ = {isa = PBXFileReference; lastKnownFileType = audio.mp3; path = "MichaelBM - This.mp3"; sourceTree = "<group>"; };
		21EDE5782A0EE6E000824552 /* will.i.am feat. Britney Spears - Scream & Shout.mp3 */ = {isa = PBXFileReference; lastKnownFileType = audio.mp3; path = "will.i.am feat. Britney Spears - Scream & Shout.mp3"; sourceTree = "<group>"; };
		21EDE5792A0EE6E000824552 /* Remzcore & Hyrule War - Never Die.mp3 */ = {isa = PBXFileReference; lastKnownFileType = audio.mp3; path = "Remzcore & Hyrule War - Never Die.mp3"; sourceTree = "<group>"; };
		21EDE57A2A0EE6E000824552 /* 21 Savage, Metro Boomin - Runnin.mp3 */ = {isa = PBXFileReference; lastKnownFileType = audio.mp3; path = "21 Savage, Metro Boomin - Runnin.mp3"; sourceTree = "<group>"; };
		21EDE57B2A0EE6E000824552 /* Lil gram X - Phonk for Running.mp3 */ = {isa = PBXFileReference; lastKnownFileType = audio.mp3; path = "Lil gram X - Phonk for Running.mp3"; sourceTree = "<group>"; };
		21EDE57C2A0EE6E000824552 /* Chase & Status feat. Novelist - NRG.mp3 */ = {isa = PBXFileReference; lastKnownFileType = audio.mp3; path = "Chase & Status feat. Novelist - NRG.mp3"; sourceTree = "<group>"; };
		21EDE58A2A0EE87100824552 /* Pop Smoke - She Got A Thing.mp3 */ = {isa = PBXFileReference; lastKnownFileType = audio.mp3; path = "Pop Smoke - She Got A Thing.mp3"; sourceTree = "<group>"; };
		21EDE58B2A0EE87100824552 /* Thomas Rivera - If I Can't Have You.mp3 */ = {isa = PBXFileReference; lastKnownFileType = audio.mp3; path = "Thomas Rivera - If I Can't Have You.mp3"; sourceTree = "<group>"; };
		21EDE58C2A0EE87100824552 /* Thomas Rivera - Pretty Girl.mp3 */ = {isa = PBXFileReference; lastKnownFileType = audio.mp3; path = "Thomas Rivera - Pretty Girl.mp3"; sourceTree = "<group>"; };
		21EDE58D2A0EE87100824552 /* Will Shepard - Rise.mp3 */ = {isa = PBXFileReference; lastKnownFileType = audio.mp3; path = "Will Shepard - Rise.mp3"; sourceTree = "<group>"; };
		21EDE58E2A0EE87100824552 /* Gym Class Heroes - Stereo Hearts (feat. Adam Levine).mp3 */ = {isa = PBXFileReference; lastKnownFileType = audio.mp3; path = "Gym Class Heroes - Stereo Hearts (feat. Adam Levine).mp3"; sourceTree = "<group>"; };
		21EDE58F2A0EE87100824552 /* MonoMakers, New Bass, Lowzer - Like This.mp3 */ = {isa = PBXFileReference; lastKnownFileType = audio.mp3; path = "MonoMakers, New Bass, Lowzer - Like This.mp3"; sourceTree = "<group>"; };
		21EDE5902A0EE87100824552 /* Gym Class Heroes - Cupid's Chokehold Breakfast in America.mp3 */ = {isa = PBXFileReference; lastKnownFileType = audio.mp3; path = "Gym Class Heroes - Cupid's Chokehold Breakfast in America.mp3"; sourceTree = "<group>"; };
		21EDE5912A0EE87100824552 /* Jenny Jewel feat. Lil Crazy Style - Do it again.mp3 */ = {isa = PBXFileReference; lastKnownFileType = audio.mp3; path = "Jenny Jewel feat. Lil Crazy Style - Do it again.mp3"; sourceTree = "<group>"; };
		21EDE5922A0EE87100824552 /* Dance Time Trio - Toosie Slide.mp3 */ = {isa = PBXFileReference; lastKnownFileType = audio.mp3; path = "Dance Time Trio - Toosie Slide.mp3"; sourceTree = "<group>"; };
		21EDE5932A0EE87100824552 /* Pop Smoke - Brother Man.mp3 */ = {isa = PBXFileReference; lastKnownFileType = audio.mp3; path = "Pop Smoke - Brother Man.mp3"; sourceTree = "<group>"; };
		21EDE5942A0EE87100824552 /* Heartbits - Roses.mp3 */ = {isa = PBXFileReference; lastKnownFileType = audio.mp3; path = "Heartbits - Roses.mp3"; sourceTree = "<group>"; };
		21EDE5952A0EE87100824552 /* Ray-X - Closer.mp3 */ = {isa = PBXFileReference; lastKnownFileType = audio.mp3; path = "Ray-X - Closer.mp3"; sourceTree = "<group>"; };
		21EDE5A32A0EE98C00824552 /* DanceArt - Bad Romance.mp3 */ = {isa = PBXFileReference; lastKnownFileType = audio.mp3; path = "DanceArt - Bad Romance.mp3"; sourceTree = "<group>"; };
		21EDE5A42A0EE98C00824552 /* Princess Beat - Tik Tok.mp3 */ = {isa = PBXFileReference; lastKnownFileType = audio.mp3; path = "Princess Beat - Tik Tok.mp3"; sourceTree = "<group>"; };
		21EDE5A52A0EE98C00824552 /* Princess Beat - Your Love Is My Drug.mp3 */ = {isa = PBXFileReference; lastKnownFileType = audio.mp3; path = "Princess Beat - Your Love Is My Drug.mp3"; sourceTree = "<group>"; };
		21EDE5A62A0EE98C00824552 /* DanceArt - Telephone.mp3 */ = {isa = PBXFileReference; lastKnownFileType = audio.mp3; path = "DanceArt - Telephone.mp3"; sourceTree = "<group>"; };
		21EDE5A72A0EE98C00824552 /* Countdown Singers - Just the Way You Are.mp3 */ = {isa = PBXFileReference; lastKnownFileType = audio.mp3; path = "Countdown Singers - Just the Way You Are.mp3"; sourceTree = "<group>"; };
		21EDE5A82A0EE98C00824552 /* Record Party - Record Club #223 (07-05-2023) 4.mp3 */ = {isa = PBXFileReference; lastKnownFileType = audio.mp3; path = "Record Party - Record Club #223 (07-05-2023) 4.mp3"; sourceTree = "<group>"; };
		21EDE5A92A0EE98C00824552 /* Lil Tecca feat. iann dior - SEASIDE.mp3 */ = {isa = PBXFileReference; lastKnownFileType = audio.mp3; path = "Lil Tecca feat. iann dior - SEASIDE.mp3"; sourceTree = "<group>"; };
		21EDE5AA2A0EE98C00824552 /* Sassydee - California Gurls.mp3 */ = {isa = PBXFileReference; lastKnownFileType = audio.mp3; path = "Sassydee - California Gurls.mp3"; sourceTree = "<group>"; };
		21EDE5AB2A0EE98C00824552 /* Fresh Beat MCs - Imma Be.mp3 */ = {isa = PBXFileReference; lastKnownFileType = audio.mp3; path = "Fresh Beat MCs - Imma Be.mp3"; sourceTree = "<group>"; };
		21EDE5AC2A0EE98C00824552 /* Miami Beatz - Dynamite.mp3 */ = {isa = PBXFileReference; lastKnownFileType = audio.mp3; path = "Miami Beatz - Dynamite.mp3"; sourceTree = "<group>"; };
		21EDE5AD2A0EE98C00824552 /* Miami Beatz - Club Can't Handle Me.mp3 */ = {isa = PBXFileReference; lastKnownFileType = audio.mp3; path = "Miami Beatz - Club Can't Handle Me.mp3"; sourceTree = "<group>"; };
		21EDE5AE2A0EE98C00824552 /* NLE Choppa feat. Latto - Make Em Say (feat. Latto).mp3 */ = {isa = PBXFileReference; lastKnownFileType = audio.mp3; path = "NLE Choppa feat. Latto - Make Em Say (feat. Latto).mp3"; sourceTree = "<group>"; };
		D46F24532A0EA2D7003EED64 /* AudioService.swift */ = {isa = PBXFileReference; lastKnownFileType = sourcecode.swift; path = AudioService.swift; sourceTree = "<group>"; };
		D46F24592A0EB53D003EED64 /* Category.swift */ = {isa = PBXFileReference; lastKnownFileType = sourcecode.swift; path = Category.swift; sourceTree = "<group>"; };
		D46F245B2A0EB55E003EED64 /* Song.swift */ = {isa = PBXFileReference; lastKnownFileType = sourcecode.swift; path = Song.swift; sourceTree = "<group>"; };
		D46F245D2A0EBE55003EED64 /* UserDefaultsService.swift */ = {isa = PBXFileReference; lastKnownFileType = sourcecode.swift; path = UserDefaultsService.swift; sourceTree = "<group>"; };
/* End PBXFileReference section */

/* Begin PBXFrameworksBuildPhase section */
		211D264629F14FFE0003F8F5 /* Frameworks */ = {
			isa = PBXFrameworksBuildPhase;
			buildActionMask = 2147483647;
			files = (
				21E81BE82A0D41F900DF0C3D /* AudioKit in Frameworks */,
			);
			runOnlyForDeploymentPostprocessing = 0;
		};
/* End PBXFrameworksBuildPhase section */

/* Begin PBXGroup section */
		211D264029F14FFE0003F8F5 = {
			isa = PBXGroup;
			children = (
				211D264B29F14FFE0003F8F5 /* StereoMuzar */,
				211D264A29F14FFE0003F8F5 /* Products */,
			);
			sourceTree = "<group>";
		};
		211D264A29F14FFE0003F8F5 /* Products */ = {
			isa = PBXGroup;
			children = (
				211D264929F14FFE0003F8F5 /* StereoMuzar.app */,
			);
			name = Products;
			sourceTree = "<group>";
		};
		211D264B29F14FFE0003F8F5 /* StereoMuzar */ = {
			isa = PBXGroup;
			children = (
				211D265029F14FFF0003F8F5 /* Assets.xcassets */,
				211D264C29F14FFE0003F8F5 /* StereoMuzarApp.swift */,
				211D264E29F14FFE0003F8F5 /* ContentView.swift */,
				D46F24582A0EB530003EED64 /* Models */,
				D46F24522A0EA277003EED64 /* Services */,
				21E81BE32A0D404600DF0C3D /* Songs */,
				211D265A29F152520003F8F5 /* Screens */,
				211D265229F14FFF0003F8F5 /* Preview Content */,
			);
			path = StereoMuzar;
			sourceTree = "<group>";
		};
		211D265229F14FFF0003F8F5 /* Preview Content */ = {
			isa = PBXGroup;
			children = (
				211D265329F14FFF0003F8F5 /* Preview Assets.xcassets */,
			);
			path = "Preview Content";
			sourceTree = "<group>";
		};
		211D265A29F152520003F8F5 /* Screens */ = {
			isa = PBXGroup;
			children = (
				211D265B29F152910003F8F5 /* PlayerScreen.swift */,
				211D265D29F152C40003F8F5 /* CategoriesScreen.swift */,
				211D265F29F152E10003F8F5 /* SettingsScreen.swift */,
			);
			path = Screens;
			sourceTree = "<group>";
		};
		21E81BE32A0D404600DF0C3D /* Songs */ = {
			isa = PBXGroup;
			children = (
				21EDE53D2A0EE2E700824552 /* Sport */,
				21EDE5502A0EE40B00824552 /* Sleep */,
				21EDE56B2A0EE5E000824552 /* Meditation */,
				21EDE5702A0EE6C200824552 /* Running */,
				21EDE53C2A0EE2A900824552 /* Cooking */,
				21EDE5892A0EE84C00824552 /* Gym */,
				21EDE5A22A0EE96700824552 /* Party */,
			);
			path = Songs;
			sourceTree = "<group>";
		};
		21EDE53C2A0EE2A900824552 /* Cooking */ = {
			isa = PBXGroup;
			children = (
				21CB17BB2A0D90BC00F6C155 /* Ashley Price - Ice Cream.mp3 */,
				21EDE51A2A0E8F0500824552 /* Beets - Post Malone.mp3 */,
				21EDE51C2A0E8F0500824552 /* Calvin Sparks - OK Not To Be OK.mp3 */,
				21EDE51D2A0E8F0500824552 /* Chipinkos - Over the Ground.mp3 */,
				21EDE51B2A0E8F0500824552 /* Cooking Jazz Music Academy - Find Your Way.mp3 */,
				21EDE5222A0EDA8400824552 /* Cooking Jazz Music Academy - Melancholy Dixie Jazz.mp3 */,
				21EDE5272A0EDA8400824552 /* DJ Yoda - Croxley Green.mp3 */,
				21EDE52D2A0EDA8400824552 /* DJ Yoda - Gospel Oak.mp3 */,
				21EDE52B2A0EDA8400824552 /* DJ Yoda feat. Nubya Garcia, Henry Wu, Theon Cross - Abbey Road.mp3 */,
				21EDE52E2A0EDA8400824552 /* DJ Yoda feat. Scarface Manolo - Soweto.mp3 */,
				21EDE5292A0EDA8400824552 /* Don Blaine - Take You Dancing.mp3 */,
				21EDE52A2A0EDA8400824552 /* Drake - Hotline Bling.mp3 */,
				21EDE5282A0EDA8400824552 /* Drake - Nonstop.mp3 */,
				21EDE5242A0EDA8400824552 /* Jenny Jewel - Blow Your Mind.mp3 */,
				21EDE52C2A0EDA8400824552 /* MAYOT feat. FEDUK - Море.mp3 */,
				21EDE5232A0EDA8400824552 /* Thomas Vee - Blueberry Eyes.mp3 */,
				21EDE5262A0EDA8400824552 /* Thomas Vee - Golden.mp3 */,
				21EDE5252A0EDA8400824552 /* Train to Mars - Dreams.mp3 */,
			);
			path = Cooking;
			sourceTree = "<group>";
		};
		21EDE53D2A0EE2E700824552 /* Sport */ = {
			isa = PBXGroup;
			children = (
				21EDE5432A0EE2FD00824552 /* LUCKI, Future - KAPITOL DENIM.mp3 */,
				21EDE5462A0EE2FE00824552 /* Remix Sport Workout - All Stars.mp3 */,
				21EDE5422A0EE2FD00824552 /* Remix Sport Workout - Attention.mp3 */,
				21EDE5412A0EE2FD00824552 /* Remix Sport Workout - Dusk Till Dawn.mp3 */,
				21EDE5442A0EE2FD00824552 /* Remix Sport Workout - Friend.mp3 */,
				21EDE53E2A0EE2FD00824552 /* Remix Sport Workout - Starving.mp3 */,
				21EDE5402A0EE2FD00824552 /* Remix Sport Workout - Too Good at Goodbyes.mp3 */,
				21EDE5452A0EE2FE00824552 /* Remix Sport Workout - Treat You Better.mp3 */,
				21EDE53F2A0EE2FD00824552 /* Takeoff, Rich The Kid - Crypto.mp3 */,
			);
			path = Sport;
			sourceTree = "<group>";
		};
		21EDE5502A0EE40B00824552 /* Sleep */ = {
			isa = PBXGroup;
			children = (
				21EDE55B2A0EE43900824552 /* April Rain - Dontclosethedoorandletmein.mp3 */,
				21EDE55A2A0EE43900824552 /* Arctic Lake - (Moments).mp3 */,
				21EDE5522A0EE43900824552 /* Bernward Koch - A Gift Remembered.mp3 */,
				21EDE5532A0EE43900824552 /* Brad Paisley - Gold All Over the Ground.mp3 */,
				21EDE5592A0EE43900824552 /* Brian Crain - At the Ivy Gate.mp3 */,
				21EDE5552A0EE43900824552 /* David Lanz - Before The Last Leaf Falls.mp3 */,
				21EDE5562A0EE43900824552 /* Denis Stelmakh - Don't Go.mp3 */,
				21EDE5512A0EE43900824552 /* For Sleep - Rain for Sleeping (Part 01).mp3 */,
				21EDE5572A0EE43900824552 /* George Skaroulis - Elektra.mp3 */,
				21EDE5542A0EE43900824552 /* KA$HDAMI feat. ssgkobe - Wake Up.mp3 */,
				21EDE55C2A0EE43900824552 /* Nature Sounds for Sleep - Asleep in the Deep.mp3 */,
			);
			path = Sleep;
			sourceTree = "<group>";
		};
		21EDE56B2A0EE5E000824552 /* Meditation */ = {
			isa = PBXGroup;
			children = (
				21EDE56C2A0EE5FE00824552 /* Nature Sounds - Meditation Music.mp3 */,
				21EDE56D2A0EE5FE00824552 /* Yoga Relax Academy - Meditation.mp3 */,
			);
			path = Meditation;
			sourceTree = "<group>";
		};
		21EDE5702A0EE6C200824552 /* Running */ = {
			isa = PBXGroup;
			children = (
				21EDE57A2A0EE6E000824552 /* 21 Savage, Metro Boomin - Runnin.mp3 */,
				21EDE5712A0EE6DF00824552 /* Chase & Status feat. Moko - Count On Me.mp3 */,
				21EDE57C2A0EE6E000824552 /* Chase & Status feat. Novelist - NRG.mp3 */,
				21EDE5742A0EE6E000824552 /* D-Block & S-Te-Fan - Primal Energy.mp3 */,
				21EDE5722A0EE6E000824552 /* D-Block & S-te-Fan, D-Sturb - Feel It!.mp3 */,
				21EDE5752A0EE6E000824552 /* D-Block & S-te-Fan, Villain - We Don't Stop (Lights Out).mp3 */,
				21EDE5762A0EE6E000824552 /* Hippie Sabotage - Running Miles.mp3 */,
				21EDE57B2A0EE6E000824552 /* Lil gram X - Phonk for Running.mp3 */,
				21EDE5772A0EE6E000824552 /* MichaelBM - This.mp3 */,
				21EDE5792A0EE6E000824552 /* Remzcore & Hyrule War - Never Die.mp3 */,
				21EDE5732A0EE6E000824552 /* Running Songs Workout Music Club - Running.mp3 */,
				21EDE5782A0EE6E000824552 /* will.i.am feat. Britney Spears - Scream & Shout.mp3 */,
			);
			path = Running;
			sourceTree = "<group>";
		};
		21EDE5892A0EE84C00824552 /* Gym */ = {
			isa = PBXGroup;
			children = (
				21EDE5922A0EE87100824552 /* Dance Time Trio - Toosie Slide.mp3 */,
				21EDE5902A0EE87100824552 /* Gym Class Heroes - Cupid's Chokehold Breakfast in America.mp3 */,
				21EDE58E2A0EE87100824552 /* Gym Class Heroes - Stereo Hearts (feat. Adam Levine).mp3 */,
				21EDE5942A0EE87100824552 /* Heartbits - Roses.mp3 */,
				21EDE5912A0EE87100824552 /* Jenny Jewel feat. Lil Crazy Style - Do it again.mp3 */,
				21EDE58F2A0EE87100824552 /* MonoMakers, New Bass, Lowzer - Like This.mp3 */,
				21EDE5932A0EE87100824552 /* Pop Smoke - Brother Man.mp3 */,
				21EDE58A2A0EE87100824552 /* Pop Smoke - She Got A Thing.mp3 */,
				21EDE5952A0EE87100824552 /* Ray-X - Closer.mp3 */,
				21EDE58B2A0EE87100824552 /* Thomas Rivera - If I Can't Have You.mp3 */,
				21EDE58C2A0EE87100824552 /* Thomas Rivera - Pretty Girl.mp3 */,
				21EDE58D2A0EE87100824552 /* Will Shepard - Rise.mp3 */,
			);
			path = Gym;
			sourceTree = "<group>";
		};
		21EDE5A22A0EE96700824552 /* Party */ = {
			isa = PBXGroup;
			children = (
				21EDE5A72A0EE98C00824552 /* Countdown Singers - Just the Way You Are.mp3 */,
				21EDE5A32A0EE98C00824552 /* DanceArt - Bad Romance.mp3 */,
				21EDE5A62A0EE98C00824552 /* DanceArt - Telephone.mp3 */,
				21EDE5AB2A0EE98C00824552 /* Fresh Beat MCs - Imma Be.mp3 */,
				21EDE5A92A0EE98C00824552 /* Lil Tecca feat. iann dior - SEASIDE.mp3 */,
				21EDE5AD2A0EE98C00824552 /* Miami Beatz - Club Can't Handle Me.mp3 */,
				21EDE5AC2A0EE98C00824552 /* Miami Beatz - Dynamite.mp3 */,
				21EDE5AE2A0EE98C00824552 /* NLE Choppa feat. Latto - Make Em Say (feat. Latto).mp3 */,
				21EDE5A42A0EE98C00824552 /* Princess Beat - Tik Tok.mp3 */,
				21EDE5A52A0EE98C00824552 /* Princess Beat - Your Love Is My Drug.mp3 */,
				21EDE5A82A0EE98C00824552 /* Record Party - Record Club #223 (07-05-2023) 4.mp3 */,
				21EDE5AA2A0EE98C00824552 /* Sassydee - California Gurls.mp3 */,
			);
			path = Party;
			sourceTree = "<group>";
		};
		D46F24522A0EA277003EED64 /* Services */ = {
			isa = PBXGroup;
			children = (
				D46F24532A0EA2D7003EED64 /* AudioService.swift */,
				D46F245D2A0EBE55003EED64 /* UserDefaultsService.swift */,
			);
			path = Services;
			sourceTree = "<group>";
		};
		D46F24582A0EB530003EED64 /* Models */ = {
			isa = PBXGroup;
			children = (
				D46F24592A0EB53D003EED64 /* Category.swift */,
				D46F245B2A0EB55E003EED64 /* Song.swift */,
			);
			path = Models;
			sourceTree = "<group>";
		};
/* End PBXGroup section */

/* Begin PBXNativeTarget section */
		211D264829F14FFE0003F8F5 /* StereoMuzar */ = {
			isa = PBXNativeTarget;
			buildConfigurationList = 211D265729F14FFF0003F8F5 /* Build configuration list for PBXNativeTarget "StereoMuzar" */;
			buildPhases = (
				211D264529F14FFE0003F8F5 /* Sources */,
				211D264629F14FFE0003F8F5 /* Frameworks */,
				211D264729F14FFE0003F8F5 /* Resources */,
			);
			buildRules = (
			);
			dependencies = (
			);
			name = StereoMuzar;
			packageProductDependencies = (
				21E81BE72A0D41F900DF0C3D /* AudioKit */,
			);
			productName = StereoMuzar;
			productReference = 211D264929F14FFE0003F8F5 /* StereoMuzar.app */;
			productType = "com.apple.product-type.application";
		};
/* End PBXNativeTarget section */

/* Begin PBXProject section */
		211D264129F14FFE0003F8F5 /* Project object */ = {
			isa = PBXProject;
			attributes = {
				BuildIndependentTargetsInParallel = 1;
				LastSwiftUpdateCheck = 1420;
				LastUpgradeCheck = 1420;
				TargetAttributes = {
					211D264829F14FFE0003F8F5 = {
						CreatedOnToolsVersion = 14.2;
					};
				};
			};
			buildConfigurationList = 211D264429F14FFE0003F8F5 /* Build configuration list for PBXProject "StereoMuzar" */;
			compatibilityVersion = "Xcode 14.0";
			developmentRegion = en;
			hasScannedForEncodings = 0;
			knownRegions = (
				en,
				Base,
			);
			mainGroup = 211D264029F14FFE0003F8F5;
			packageReferences = (
				21E81BE62A0D41F900DF0C3D /* XCRemoteSwiftPackageReference "AudioKit" */,
			);
			productRefGroup = 211D264A29F14FFE0003F8F5 /* Products */;
			projectDirPath = "";
			projectRoot = "";
			targets = (
				211D264829F14FFE0003F8F5 /* StereoMuzar */,
			);
		};
/* End PBXProject section */

/* Begin PBXResourcesBuildPhase section */
		211D264729F14FFE0003F8F5 /* Resources */ = {
			isa = PBXResourcesBuildPhase;
			buildActionMask = 2147483647;
			files = (
				21EDE5202A0E8F0500824552 /* Calvin Sparks - OK Not To Be OK.mp3 in Resources */,
				21EDE54A2A0EE2FE00824552 /* Remix Sport Workout - Dusk Till Dawn.mp3 in Resources */,
				21EDE5492A0EE2FE00824552 /* Remix Sport Workout - Too Good at Goodbyes.mp3 in Resources */,
				21EDE5812A0EE6E000824552 /* D-Block & S-te-Fan, Villain - We Don't Stop (Lights Out).mp3 in Resources */,
				21EDE5482A0EE2FE00824552 /* Takeoff, Rich The Kid - Crypto.mp3 in Resources */,
				21EDE5882A0EE6E000824552 /* Chase & Status feat. Novelist - NRG.mp3 in Resources */,
				21EDE5672A0EE43900824552 /* Arctic Lake - (Moments).mp3 in Resources */,
				21EDE53B2A0EDA8400824552 /* DJ Yoda feat. Scarface Manolo - Soweto.mp3 in Resources */,
				21EDE54F2A0EE2FE00824552 /* Remix Sport Workout - All Stars.mp3 in Resources */,
				21EDE5B22A0EE98C00824552 /* DanceArt - Telephone.mp3 in Resources */,
				21EDE51F2A0E8F0500824552 /* Cooking Jazz Music Academy - Find Your Way.mp3 in Resources */,
				21EDE5312A0EDA8400824552 /* Jenny Jewel - Blow Your Mind.mp3 in Resources */,
				21EDE5612A0EE43900824552 /* KA$HDAMI feat. ssgkobe - Wake Up.mp3 in Resources */,
				21EDE5B12A0EE98C00824552 /* Princess Beat - Your Love Is My Drug.mp3 in Resources */,
				21EDE5832A0EE6E000824552 /* MichaelBM - This.mp3 in Resources */,
				21EDE5842A0EE6E000824552 /* will.i.am feat. Britney Spears - Scream & Shout.mp3 in Resources */,
				21EDE5B52A0EE98C00824552 /* Lil Tecca feat. iann dior - SEASIDE.mp3 in Resources */,
				21EDE5632A0EE43900824552 /* Denis Stelmakh - Don't Go.mp3 in Resources */,
				21EDE5622A0EE43900824552 /* David Lanz - Before The Last Leaf Falls.mp3 in Resources */,
				21EDE57D2A0EE6E000824552 /* Chase & Status feat. Moko - Count On Me.mp3 in Resources */,
				21EDE5872A0EE6E000824552 /* Lil gram X - Phonk for Running.mp3 in Resources */,
				21EDE5212A0E8F0500824552 /* Chipinkos - Over the Ground.mp3 in Resources */,
				21EDE5B02A0EE98C00824552 /* Princess Beat - Tik Tok.mp3 in Resources */,
				21EDE5B32A0EE98C00824552 /* Countdown Singers - Just the Way You Are.mp3 in Resources */,
				21EDE55E2A0EE43900824552 /* For Sleep - Rain for Sleeping (Part 01).mp3 in Resources */,
				21EDE5BA2A0EE98C00824552 /* NLE Choppa feat. Latto - Make Em Say (feat. Latto).mp3 in Resources */,
				21EDE5992A0EE87100824552 /* Will Shepard - Rise.mp3 in Resources */,
				21EDE54C2A0EE2FE00824552 /* LUCKI, Future - KAPITOL DENIM.mp3 in Resources */,
				21EDE59A2A0EE87100824552 /* Gym Class Heroes - Stereo Hearts (feat. Adam Levine).mp3 in Resources */,
				21EDE54D2A0EE2FE00824552 /* Remix Sport Workout - Friend.mp3 in Resources */,
				21EDE5AF2A0EE98C00824552 /* DanceArt - Bad Romance.mp3 in Resources */,
				211D265429F14FFF0003F8F5 /* Preview Assets.xcassets in Resources */,
				211D265129F14FFF0003F8F5 /* Assets.xcassets in Resources */,
				21EDE5B92A0EE98C00824552 /* Miami Beatz - Club Can't Handle Me.mp3 in Resources */,
				21EDE5472A0EE2FE00824552 /* Remix Sport Workout - Starving.mp3 in Resources */,
				21EDE5982A0EE87100824552 /* Thomas Rivera - Pretty Girl.mp3 in Resources */,
				21EDE5382A0EDA8400824552 /* DJ Yoda feat. Nubya Garcia, Henry Wu, Theon Cross - Abbey Road.mp3 in Resources */,
				21EDE5B82A0EE98C00824552 /* Miami Beatz - Dynamite.mp3 in Resources */,
				21EDE5662A0EE43900824552 /* Brian Crain - At the Ivy Gate.mp3 in Resources */,
				21EDE5352A0EDA8400824552 /* Drake - Nonstop.mp3 in Resources */,
				21EDE5602A0EE43900824552 /* Brad Paisley - Gold All Over the Ground.mp3 in Resources */,
				21EDE5B42A0EE98C00824552 /* Record Party - Record Club #223 (07-05-2023) 4.mp3 in Resources */,
				21EDE52F2A0EDA8400824552 /* Cooking Jazz Music Academy - Melancholy Dixie Jazz.mp3 in Resources */,
				21EDE5302A0EDA8400824552 /* Thomas Vee - Blueberry Eyes.mp3 in Resources */,
				21EDE57F2A0EE6E000824552 /* Running Songs Workout Music Club - Running.mp3 in Resources */,
				21EDE5322A0EDA8400824552 /* Train to Mars - Dreams.mp3 in Resources */,
				21EDE56F2A0EE5FE00824552 /* Yoga Relax Academy - Meditation.mp3 in Resources */,
				21EDE5A02A0EE87100824552 /* Heartbits - Roses.mp3 in Resources */,
				21EDE5372A0EDA8400824552 /* Drake - Hotline Bling.mp3 in Resources */,
				21EDE59F2A0EE87100824552 /* Pop Smoke - Brother Man.mp3 in Resources */,
				21EDE59D2A0EE87100824552 /* Jenny Jewel feat. Lil Crazy Style - Do it again.mp3 in Resources */,
				21EDE5962A0EE87100824552 /* Pop Smoke - She Got A Thing.mp3 in Resources */,
				21EDE57E2A0EE6E000824552 /* D-Block & S-te-Fan, D-Sturb - Feel It!.mp3 in Resources */,
				21EDE5B72A0EE98C00824552 /* Fresh Beat MCs - Imma Be.mp3 in Resources */,
				21EDE59E2A0EE87100824552 /* Dance Time Trio - Toosie Slide.mp3 in Resources */,
				21EDE5862A0EE6E000824552 /* 21 Savage, Metro Boomin - Runnin.mp3 in Resources */,
				21EDE5692A0EE43900824552 /* Nature Sounds for Sleep - Asleep in the Deep.mp3 in Resources */,
				21EDE53A2A0EDA8400824552 /* DJ Yoda - Gospel Oak.mp3 in Resources */,
				21EDE5802A0EE6E000824552 /* D-Block & S-Te-Fan - Primal Energy.mp3 in Resources */,
				21EDE54E2A0EE2FE00824552 /* Remix Sport Workout - Treat You Better.mp3 in Resources */,
				21EDE5642A0EE43900824552 /* George Skaroulis - Elektra.mp3 in Resources */,
				21EDE59B2A0EE87100824552 /* MonoMakers, New Bass, Lowzer - Like This.mp3 in Resources */,
				21EDE5B62A0EE98C00824552 /* Sassydee - California Gurls.mp3 in Resources */,
				21CB17BC2A0D90BC00F6C155 /* Ashley Price - Ice Cream.mp3 in Resources */,
				21EDE51E2A0E8F0500824552 /* Beets - Post Malone.mp3 in Resources */,
				21EDE5972A0EE87100824552 /* Thomas Rivera - If I Can't Have You.mp3 in Resources */,
				21EDE5682A0EE43900824552 /* April Rain - Dontclosethedoorandletmein.mp3 in Resources */,
				21EDE5342A0EDA8400824552 /* DJ Yoda - Croxley Green.mp3 in Resources */,
				21EDE5392A0EDA8400824552 /* MAYOT feat. FEDUK - Море.mp3 in Resources */,
				21EDE59C2A0EE87100824552 /* Gym Class Heroes - Cupid's Chokehold Breakfast in America.mp3 in Resources */,
				21EDE54B2A0EE2FE00824552 /* Remix Sport Workout - Attention.mp3 in Resources */,
				21EDE5332A0EDA8400824552 /* Thomas Vee - Golden.mp3 in Resources */,
				21EDE5852A0EE6E000824552 /* Remzcore & Hyrule War - Never Die.mp3 in Resources */,
				21EDE55F2A0EE43900824552 /* Bernward Koch - A Gift Remembered.mp3 in Resources */,
				21EDE56E2A0EE5FE00824552 /* Nature Sounds - Meditation Music.mp3 in Resources */,
				21EDE5822A0EE6E000824552 /* Hippie Sabotage - Running Miles.mp3 in Resources */,
				21EDE5A12A0EE87100824552 /* Ray-X - Closer.mp3 in Resources */,
				21EDE5362A0EDA8400824552 /* Don Blaine - Take You Dancing.mp3 in Resources */,
			);
			runOnlyForDeploymentPostprocessing = 0;
		};
/* End PBXResourcesBuildPhase section */

/* Begin PBXSourcesBuildPhase section */
		211D264529F14FFE0003F8F5 /* Sources */ = {
			isa = PBXSourcesBuildPhase;
			buildActionMask = 2147483647;
			files = (
				D46F245C2A0EB55E003EED64 /* Song.swift in Sources */,
				211D265C29F152910003F8F5 /* PlayerScreen.swift in Sources */,
				D46F245E2A0EBE55003EED64 /* UserDefaultsService.swift in Sources */,
				211D264F29F14FFE0003F8F5 /* ContentView.swift in Sources */,
				211D264D29F14FFE0003F8F5 /* StereoMuzarApp.swift in Sources */,
				211D266029F152E10003F8F5 /* SettingsScreen.swift in Sources */,
				D46F24542A0EA2D7003EED64 /* AudioService.swift in Sources */,
				211D265E29F152C40003F8F5 /* CategoriesScreen.swift in Sources */,
				D46F245A2A0EB53D003EED64 /* Category.swift in Sources */,
			);
			runOnlyForDeploymentPostprocessing = 0;
		};
/* End PBXSourcesBuildPhase section */

/* Begin XCBuildConfiguration section */
		211D265529F14FFF0003F8F5 /* Debug */ = {
			isa = XCBuildConfiguration;
			buildSettings = {
				ALWAYS_SEARCH_USER_PATHS = NO;
				CLANG_ANALYZER_NONNULL = YES;
				CLANG_ANALYZER_NUMBER_OBJECT_CONVERSION = YES_AGGRESSIVE;
				CLANG_CXX_LANGUAGE_STANDARD = "gnu++20";
				CLANG_ENABLE_MODULES = YES;
				CLANG_ENABLE_OBJC_ARC = YES;
				CLANG_ENABLE_OBJC_WEAK = YES;
				CLANG_WARN_BLOCK_CAPTURE_AUTORELEASING = YES;
				CLANG_WARN_BOOL_CONVERSION = YES;
				CLANG_WARN_COMMA = YES;
				CLANG_WARN_CONSTANT_CONVERSION = YES;
				CLANG_WARN_DEPRECATED_OBJC_IMPLEMENTATIONS = YES;
				CLANG_WARN_DIRECT_OBJC_ISA_USAGE = YES_ERROR;
				CLANG_WARN_DOCUMENTATION_COMMENTS = YES;
				CLANG_WARN_EMPTY_BODY = YES;
				CLANG_WARN_ENUM_CONVERSION = YES;
				CLANG_WARN_INFINITE_RECURSION = YES;
				CLANG_WARN_INT_CONVERSION = YES;
				CLANG_WARN_NON_LITERAL_NULL_CONVERSION = YES;
				CLANG_WARN_OBJC_IMPLICIT_RETAIN_SELF = YES;
				CLANG_WARN_OBJC_LITERAL_CONVERSION = YES;
				CLANG_WARN_OBJC_ROOT_CLASS = YES_ERROR;
				CLANG_WARN_QUOTED_INCLUDE_IN_FRAMEWORK_HEADER = YES;
				CLANG_WARN_RANGE_LOOP_ANALYSIS = YES;
				CLANG_WARN_STRICT_PROTOTYPES = YES;
				CLANG_WARN_SUSPICIOUS_MOVE = YES;
				CLANG_WARN_UNGUARDED_AVAILABILITY = YES_AGGRESSIVE;
				CLANG_WARN_UNREACHABLE_CODE = YES;
				CLANG_WARN__DUPLICATE_METHOD_MATCH = YES;
				COPY_PHASE_STRIP = NO;
				DEBUG_INFORMATION_FORMAT = dwarf;
				ENABLE_STRICT_OBJC_MSGSEND = YES;
				ENABLE_TESTABILITY = YES;
				GCC_C_LANGUAGE_STANDARD = gnu11;
				GCC_DYNAMIC_NO_PIC = NO;
				GCC_NO_COMMON_BLOCKS = YES;
				GCC_OPTIMIZATION_LEVEL = 0;
				GCC_PREPROCESSOR_DEFINITIONS = (
					"DEBUG=1",
					"$(inherited)",
				);
				GCC_WARN_64_TO_32_BIT_CONVERSION = YES;
				GCC_WARN_ABOUT_RETURN_TYPE = YES_ERROR;
				GCC_WARN_UNDECLARED_SELECTOR = YES;
				GCC_WARN_UNINITIALIZED_AUTOS = YES_AGGRESSIVE;
				GCC_WARN_UNUSED_FUNCTION = YES;
				GCC_WARN_UNUSED_VARIABLE = YES;
				IPHONEOS_DEPLOYMENT_TARGET = 16.2;
				MTL_ENABLE_DEBUG_INFO = INCLUDE_SOURCE;
				MTL_FAST_MATH = YES;
				ONLY_ACTIVE_ARCH = YES;
				SDKROOT = iphoneos;
				SWIFT_ACTIVE_COMPILATION_CONDITIONS = DEBUG;
				SWIFT_OPTIMIZATION_LEVEL = "-Onone";
			};
			name = Debug;
		};
		211D265629F14FFF0003F8F5 /* Release */ = {
			isa = XCBuildConfiguration;
			buildSettings = {
				ALWAYS_SEARCH_USER_PATHS = NO;
				CLANG_ANALYZER_NONNULL = YES;
				CLANG_ANALYZER_NUMBER_OBJECT_CONVERSION = YES_AGGRESSIVE;
				CLANG_CXX_LANGUAGE_STANDARD = "gnu++20";
				CLANG_ENABLE_MODULES = YES;
				CLANG_ENABLE_OBJC_ARC = YES;
				CLANG_ENABLE_OBJC_WEAK = YES;
				CLANG_WARN_BLOCK_CAPTURE_AUTORELEASING = YES;
				CLANG_WARN_BOOL_CONVERSION = YES;
				CLANG_WARN_COMMA = YES;
				CLANG_WARN_CONSTANT_CONVERSION = YES;
				CLANG_WARN_DEPRECATED_OBJC_IMPLEMENTATIONS = YES;
				CLANG_WARN_DIRECT_OBJC_ISA_USAGE = YES_ERROR;
				CLANG_WARN_DOCUMENTATION_COMMENTS = YES;
				CLANG_WARN_EMPTY_BODY = YES;
				CLANG_WARN_ENUM_CONVERSION = YES;
				CLANG_WARN_INFINITE_RECURSION = YES;
				CLANG_WARN_INT_CONVERSION = YES;
				CLANG_WARN_NON_LITERAL_NULL_CONVERSION = YES;
				CLANG_WARN_OBJC_IMPLICIT_RETAIN_SELF = YES;
				CLANG_WARN_OBJC_LITERAL_CONVERSION = YES;
				CLANG_WARN_OBJC_ROOT_CLASS = YES_ERROR;
				CLANG_WARN_QUOTED_INCLUDE_IN_FRAMEWORK_HEADER = YES;
				CLANG_WARN_RANGE_LOOP_ANALYSIS = YES;
				CLANG_WARN_STRICT_PROTOTYPES = YES;
				CLANG_WARN_SUSPICIOUS_MOVE = YES;
				CLANG_WARN_UNGUARDED_AVAILABILITY = YES_AGGRESSIVE;
				CLANG_WARN_UNREACHABLE_CODE = YES;
				CLANG_WARN__DUPLICATE_METHOD_MATCH = YES;
				COPY_PHASE_STRIP = NO;
				DEBUG_INFORMATION_FORMAT = "dwarf-with-dsym";
				ENABLE_NS_ASSERTIONS = NO;
				ENABLE_STRICT_OBJC_MSGSEND = YES;
				GCC_C_LANGUAGE_STANDARD = gnu11;
				GCC_NO_COMMON_BLOCKS = YES;
				GCC_WARN_64_TO_32_BIT_CONVERSION = YES;
				GCC_WARN_ABOUT_RETURN_TYPE = YES_ERROR;
				GCC_WARN_UNDECLARED_SELECTOR = YES;
				GCC_WARN_UNINITIALIZED_AUTOS = YES_AGGRESSIVE;
				GCC_WARN_UNUSED_FUNCTION = YES;
				GCC_WARN_UNUSED_VARIABLE = YES;
				IPHONEOS_DEPLOYMENT_TARGET = 16.2;
				MTL_ENABLE_DEBUG_INFO = NO;
				MTL_FAST_MATH = YES;
				SDKROOT = iphoneos;
				SWIFT_COMPILATION_MODE = wholemodule;
				SWIFT_OPTIMIZATION_LEVEL = "-O";
				VALIDATE_PRODUCT = YES;
			};
			name = Release;
		};
		211D265829F14FFF0003F8F5 /* Debug */ = {
			isa = XCBuildConfiguration;
			buildSettings = {
				ASSETCATALOG_COMPILER_APPICON_NAME = AppIcon;
				ASSETCATALOG_COMPILER_GLOBAL_ACCENT_COLOR_NAME = AccentColor;
				CODE_SIGN_STYLE = Automatic;
				CURRENT_PROJECT_VERSION = 1;
				DEVELOPMENT_ASSET_PATHS = "\"StereoMuzar/Preview Content\"";
				DEVELOPMENT_TEAM = T5826VSXK9;
				ENABLE_PREVIEWS = YES;
				GENERATE_INFOPLIST_FILE = YES;
				INFOPLIST_KEY_UIApplicationSceneManifest_Generation = YES;
				INFOPLIST_KEY_UIApplicationSupportsIndirectInputEvents = YES;
				INFOPLIST_KEY_UILaunchScreen_Generation = YES;
				INFOPLIST_KEY_UISupportedInterfaceOrientations = UIInterfaceOrientationPortrait;
				INFOPLIST_KEY_UISupportedInterfaceOrientations_iPad = "UIInterfaceOrientationLandscapeLeft UIInterfaceOrientationLandscapeRight UIInterfaceOrientationPortrait UIInterfaceOrientationPortraitUpsideDown";
				IPHONEOS_DEPLOYMENT_TARGET = 16.0;
				LD_RUNPATH_SEARCH_PATHS = (
					"$(inherited)",
					"@executable_path/Frameworks",
				);
				MARKETING_VERSION = 1.0;
				PRODUCT_BUNDLE_IDENTIFIER = seryakova.StereoMuzar;
				PRODUCT_NAME = "$(TARGET_NAME)";
				SWIFT_EMIT_LOC_STRINGS = YES;
				SWIFT_VERSION = 5.0;
				TARGETED_DEVICE_FAMILY = "1,2";
			};
			name = Debug;
		};
		211D265929F14FFF0003F8F5 /* Release */ = {
			isa = XCBuildConfiguration;
			buildSettings = {
				ASSETCATALOG_COMPILER_APPICON_NAME = AppIcon;
				ASSETCATALOG_COMPILER_GLOBAL_ACCENT_COLOR_NAME = AccentColor;
				CODE_SIGN_STYLE = Automatic;
				CURRENT_PROJECT_VERSION = 1;
				DEVELOPMENT_ASSET_PATHS = "\"StereoMuzar/Preview Content\"";
				DEVELOPMENT_TEAM = T5826VSXK9;
				ENABLE_PREVIEWS = YES;
				GENERATE_INFOPLIST_FILE = YES;
				INFOPLIST_KEY_UIApplicationSceneManifest_Generation = YES;
				INFOPLIST_KEY_UIApplicationSupportsIndirectInputEvents = YES;
				INFOPLIST_KEY_UILaunchScreen_Generation = YES;
				INFOPLIST_KEY_UISupportedInterfaceOrientations = UIInterfaceOrientationPortrait;
				INFOPLIST_KEY_UISupportedInterfaceOrientations_iPad = "UIInterfaceOrientationLandscapeLeft UIInterfaceOrientationLandscapeRight UIInterfaceOrientationPortrait UIInterfaceOrientationPortraitUpsideDown";
				IPHONEOS_DEPLOYMENT_TARGET = 16.0;
				LD_RUNPATH_SEARCH_PATHS = (
					"$(inherited)",
					"@executable_path/Frameworks",
				);
				MARKETING_VERSION = 1.0;
				PRODUCT_BUNDLE_IDENTIFIER = seryakova.StereoMuzar;
				PRODUCT_NAME = "$(TARGET_NAME)";
				SWIFT_EMIT_LOC_STRINGS = YES;
				SWIFT_VERSION = 5.0;
				TARGETED_DEVICE_FAMILY = "1,2";
			};
			name = Release;
		};
/* End XCBuildConfiguration section */

/* Begin XCConfigurationList section */
		211D264429F14FFE0003F8F5 /* Build configuration list for PBXProject "StereoMuzar" */ = {
			isa = XCConfigurationList;
			buildConfigurations = (
				211D265529F14FFF0003F8F5 /* Debug */,
				211D265629F14FFF0003F8F5 /* Release */,
			);
			defaultConfigurationIsVisible = 0;
			defaultConfigurationName = Release;
		};
		211D265729F14FFF0003F8F5 /* Build configuration list for PBXNativeTarget "StereoMuzar" */ = {
			isa = XCConfigurationList;
			buildConfigurations = (
				211D265829F14FFF0003F8F5 /* Debug */,
				211D265929F14FFF0003F8F5 /* Release */,
			);
			defaultConfigurationIsVisible = 0;
			defaultConfigurationName = Release;
		};
/* End XCConfigurationList section */

/* Begin XCRemoteSwiftPackageReference section */
		21E81BE62A0D41F900DF0C3D /* XCRemoteSwiftPackageReference "AudioKit" */ = {
			isa = XCRemoteSwiftPackageReference;
			repositoryURL = "https://github.com/AudioKit/AudioKit";
			requirement = {
				kind = upToNextMinorVersion;
				minimumVersion = 5.6.0;
			};
		};
/* End XCRemoteSwiftPackageReference section */

/* Begin XCSwiftPackageProductDependency section */
		21E81BE72A0D41F900DF0C3D /* AudioKit */ = {
			isa = XCSwiftPackageProductDependency;
			package = 21E81BE62A0D41F900DF0C3D /* XCRemoteSwiftPackageReference "AudioKit" */;
			productName = AudioKit;
		};
/* End XCSwiftPackageProductDependency section */
	};
	rootObject = 211D264129F14FFE0003F8F5 /* Project object */;
}
